<?xml version="1.0" encoding="utf-8"?>
<Project ToolsVersion="4.0" xmlns="http://schemas.microsoft.com/developer/msbuild/2003">
  <ItemGroup>
    <Filter Include="Source Files">
      <UniqueIdentifier>{51b03c78-7536-46fd-912f-e8e33f529f85}</UniqueIdentifier>
      <Extensions>cpp;c;cxx;rc;def;r;odl;idl;hpj;bat</Extensions>
    </Filter>
    <Filter Include="Header Files">
      <UniqueIdentifier>{9b5de401-14e6-43ea-a052-c30134f7a6e5}</UniqueIdentifier>
      <Extensions>h;hpp;hxx;hm;inl</Extensions>
    </Filter>
    <Filter Include="Resource Files">
      <UniqueIdentifier>{db597cb6-b6bc-4461-8971-1e3607e14396}</UniqueIdentifier>
    </Filter>
    <Filter Include="Source Files\DuiEx">
      <UniqueIdentifier>{1a0cf2f1-2884-4c15-8897-e9c15a1fde7b}</UniqueIdentifier>
    </Filter>
    <Filter Include="Source Files\Base">
      <UniqueIdentifier>{436f8d9b-8fa5-4b10-b5f3-2d9e968b3218}</UniqueIdentifier>
    </Filter>
    <Filter Include="Header Files\Base">
      <UniqueIdentifier>{1b75613b-6acb-4502-8fa9-ae25a5953fbf}</UniqueIdentifier>
    </Filter>
    <Filter Include="Header Files\DuiEx">
      <UniqueIdentifier>{453cb08d-1ed7-4d36-93cb-cebc15a95382}</UniqueIdentifier>
    </Filter>
    <Filter Include="Header Files\Redis">
      <UniqueIdentifier>{7b20847b-78f3-422a-87e1-9c59073aa1ef}</UniqueIdentifier>
    </Filter>
    <Filter Include="Source Files\Redis">
      <UniqueIdentifier>{697f197a-6e73-41bf-895d-ffdfabe56a90}</UniqueIdentifier>
    </Filter>
    <Filter Include="Header Files\SSDB">
      <UniqueIdentifier>{f8a7eddf-7c28-42a9-bf51-11648fa469fb}</UniqueIdentifier>
    </Filter>
    <Filter Include="Source Files\SSDB">
      <UniqueIdentifier>{e809e3dc-45d6-4f07-a223-4692fe994c3b}</UniqueIdentifier>
    </Filter>
  </ItemGroup>
  <ItemGroup>
    <ClCompile Include="ConnInfoSubWhd.cpp">
      <Filter>Source Files</Filter>
    </ClCompile>
    <ClCompile Include="ConnInfoUI.cpp">
      <Filter>Source Files</Filter>
    </ClCompile>
    <ClCompile Include="Main.cpp">
      <Filter>Source Files</Filter>
    </ClCompile>
    <ClCompile Include="MainFrameWhd.cpp">
      <Filter>Source Files</Filter>
    </ClCompile>
    <ClCompile Include="MessageBoxWhd.cpp">
      <Filter>Source Files</Filter>
    </ClCompile>
    <ClCompile Include="RedisConfigUI.cpp">
      <Filter>Source Files</Filter>
    </ClCompile>
    <ClCompile Include="RedisDataUI.cpp">
      <Filter>Source Files</Filter>
    </ClCompile>
    <ClCompile Include="RedisInfoUI.cpp">
      <Filter>Source Files</Filter>
    </ClCompile>
    <ClCompile Include="RedisMgrUI.cpp">
      <Filter>Source Files</Filter>
    </ClCompile>
    <ClCompile Include="StdAfx.cpp">
      <Filter>Source Files</Filter>
    </ClCompile>
    <ClCompile Include="UserMessage.cpp">
      <Filter>Source Files</Filter>
    </ClCompile>
    <ClCompile Include="Base\Event.cpp">
      <Filter>Source Files\Base</Filter>
    </ClCompile>
    <ClCompile Include="Base\Runnable.cpp">
      <Filter>Source Files\Base</Filter>
    </ClCompile>
    <ClCompile Include="Base\Thread.cpp">
      <Filter>Source Files\Base</Filter>
    </ClCompile>
    <ClCompile Include="DuiEx\UIMenu.cpp">
      <Filter>Source Files\DuiEx</Filter>
    </ClCompile>
    <ClCompile Include="Redis\RedisClient.cpp">
      <Filter>Source Files\Redis</Filter>
    </ClCompile>
    <ClCompile Include="Redis\RedisHashModel.cpp">
      <Filter>Source Files\Redis</Filter>
    </ClCompile>
    <ClCompile Include="Redis\RedisListModel.cpp">
      <Filter>Source Files\Redis</Filter>
    </ClCompile>
    <ClCompile Include="Redis\RedisModelFactory.cpp">
      <Filter>Source Files\Redis</Filter>
    </ClCompile>
    <ClCompile Include="Redis\RedisResult.cpp">
      <Filter>Source Files\Redis</Filter>
    </ClCompile>
    <ClCompile Include="Redis\RedisSetModel.cpp">
      <Filter>Source Files\Redis</Filter>
    </ClCompile>
    <ClCompile Include="Redis\RedisStringModel.cpp">
      <Filter>Source Files\Redis</Filter>
    </ClCompile>
    <ClCompile Include="Redis\RedisZSetModel.cpp">
      <Filter>Source Files\Redis</Filter>
    </ClCompile>
    <ClCompile Include="Base\Mutex.cpp">
      <Filter>Source Files\Base</Filter>
    </ClCompile>
    <ClCompile Include="Base\CharacterSet.cpp">
      <Filter>Source Files\Base</Filter>
    </ClCompile>
    <ClCompile Include="Base\String.cpp">
      <Filter>Source Files\Base</Filter>
    </ClCompile>
    <ClCompile Include="RedisHelpUI.cpp">
      <Filter>Source Files</Filter>
    </ClCompile>
    <ClCompile Include="Base\Http.cpp">
      <Filter>Source Files\Base</Filter>
    </ClCompile>
    <ClCompile Include="Base\Util.cpp">
      <Filter>Source Files\Base</Filter>
    </ClCompile>
    <ClCompile Include="SSDB\SSDB_impl.cpp">
      <Filter>Source Files\SSDB</Filter>
    </ClCompile>
    <ClCompile Include="SSDB\link.cpp">
      <Filter>Source Files\SSDB</Filter>
    </ClCompile>
    <ClCompile Include="SSDB\bytes.cpp">
      <Filter>Source Files\SSDB</Filter>
    </ClCompile>
    <ClCompile Include="DBClient.cpp">
      <Filter>Source Files</Filter>
    </ClCompile>
    <ClCompile Include="Environment.cpp">
      <Filter>Source Files</Filter>
    </ClCompile>
    <ClCompile Include="SSDB\SSDBClient.cpp">
      <Filter>Source Files\SSDB</Filter>
    </ClCompile>
    <ClCompile Include="SSDB\SSDBHashModel.cpp">
      <Filter>Source Files\SSDB</Filter>
    </ClCompile>
    <ClCompile Include="SSDB\SSDBModelFactory.cpp">
      <Filter>Source Files\SSDB</Filter>
    </ClCompile>
    <ClCompile Include="SSDB\SSDBQueueModel.cpp">
      <Filter>Source Files\SSDB</Filter>
    </ClCompile>
    <ClCompile Include="SSDB\SSDBStringModel.cpp">
      <Filter>Source Files\SSDB</Filter>
    </ClCompile>
    <ClCompile Include="SSDB\SSDBZSetModel.cpp">
      <Filter>Source Files\SSDB</Filter>
    </ClCompile>
  </ItemGroup>
  <ItemGroup>
    <ClInclude Include="AbstractUI.h">
      <Filter>Header Files</Filter>
    </ClInclude>
    <ClInclude Include="ConnInfoSubWhd.h">
      <Filter>Header Files</Filter>
    </ClInclude>
    <ClInclude Include="ConnInfoUI.h">
      <Filter>Header Files</Filter>
    </ClInclude>
    <ClInclude Include="MainFrameWhd.h">
      <Filter>Header Files</Filter>
    </ClInclude>
    <ClInclude Include="MessageBoxWhd.h">
      <Filter>Header Files</Filter>
    </ClInclude>
    <ClInclude Include="RedisConfigUI.h">
      <Filter>Header Files</Filter>
    </ClInclude>
    <ClInclude Include="RedisDataUI.h">
      <Filter>Header Files</Filter>
    </ClInclude>
    <ClInclude Include="RedisInfoUI.h">
      <Filter>Header Files</Filter>
    </ClInclude>
    <ClInclude Include="RedisMgrUI.h">
      <Filter>Header Files</Filter>
    </ClInclude>
    <ClInclude Include="StdAfx.h">
      <Filter>Header Files</Filter>
    </ClInclude>
    <ClInclude Include="UserMessage.h">
      <Filter>Header Files</Filter>
    </ClInclude>
    <ClInclude Include="resource.h">
      <Filter>Resource Files</Filter>
    </ClInclude>
    <ClInclude Include="DuiEx\ObserverBase.h">
      <Filter>Header Files\DuiEx</Filter>
    </ClInclude>
    <ClInclude Include="DuiEx\UIMenu.h">
      <Filter>Header Files\DuiEx</Filter>
    </ClInclude>
    <ClInclude Include="Base\Event.h">
      <Filter>Header Files\Base</Filter>
    </ClInclude>
    <ClInclude Include="Base\Runnable.h">
      <Filter>Header Files\Base</Filter>
    </ClInclude>
    <ClInclude Include="Base\RunnableAdapter.h">
      <Filter>Header Files\Base</Filter>
    </ClInclude>
    <ClInclude Include="Base\Thread.h">
      <Filter>Header Files\Base</Filter>
    </ClInclude>
    <ClInclude Include="Redis\AbstractRedisModel.h">
      <Filter>Header Files\Redis</Filter>
    </ClInclude>
    <ClInclude Include="Redis\RedisClient.h">
      <Filter>Header Files\Redis</Filter>
    </ClInclude>
    <ClInclude Include="Redis\RedisHashModel.h">
      <Filter>Header Files\Redis</Filter>
    </ClInclude>
    <ClInclude Include="Redis\RedisListModel.h">
      <Filter>Header Files\Redis</Filter>
    </ClInclude>
    <ClInclude Include="Redis\RedisModelFactory.h">
      <Filter>Header Files\Redis</Filter>
    </ClInclude>
    <ClInclude Include="Redis\RedisResult.h">
      <Filter>Header Files\Redis</Filter>
    </ClInclude>
    <ClInclude Include="Redis\RedisSetModel.h">
      <Filter>Header Files\Redis</Filter>
    </ClInclude>
    <ClInclude Include="Redis\RedisStringModel.h">
      <Filter>Header Files\Redis</Filter>
    </ClInclude>
    <ClInclude Include="Redis\RedisZSetModel.h">
      <Filter>Header Files\Redis</Filter>
    </ClInclude>
    <ClInclude Include="Redis\ScopedRedisReply.h">
      <Filter>Header Files\Redis</Filter>
    </ClInclude>
    <ClInclude Include="Base\Mutex.h">
      <Filter>Header Files\Base</Filter>
    </ClInclude>
    <ClInclude Include="Base\ScopedLock.h">
      <Filter>Header Files\Base</Filter>
    </ClInclude>
    <ClInclude Include="Base\String.h">
      <Filter>Header Files\Base</Filter>
    </ClInclude>
    <ClInclude Include="Base\CharacterSet.h">
      <Filter>Header Files\Base</Filter>
    </ClInclude>
    <ClInclude Include="RedisHelpUI.h">
      <Filter>Header Files</Filter>
    </ClInclude>
    <ClInclude Include="Version.h">
      <Filter>Header Files</Filter>
    </ClInclude>
    <ClInclude Include="Base\Http.h">
      <Filter>Header Files\Base</Filter>
    </ClInclude>
    <ClInclude Include="Base\Util.h">
      <Filter>Header Files\Base</Filter>
    </ClInclude>
    <ClInclude Include="SSDB\bytes.h">
      <Filter>Header Files\SSDB</Filter>
    </ClInclude>
    <ClInclude Include="SSDB\link.h">
      <Filter>Header Files\SSDB</Filter>
    </ClInclude>
    <ClInclude Include="SSDB\SSDB.h">
      <Filter>Header Files\SSDB</Filter>
    </ClInclude>
    <ClInclude Include="SSDB\SSDB_impl.h">
      <Filter>Header Files\SSDB</Filter>
    </ClInclude>
    <ClInclude Include="SSDB\strings.h">
      <Filter>Header Files\SSDB</Filter>
    </ClInclude>
    <ClInclude Include="DBClient.h">
      <Filter>Header Files</Filter>
    </ClInclude>
    <ClInclude Include="Environment.h">
      <Filter>Header Files</Filter>
    </ClInclude>
    <ClInclude Include="SSDB\SSDBClient.h">
      <Filter>Header Files\SSDB</Filter>
    </ClInclude>
    <ClInclude Include="SSDB\AbstractSSDBModel.h">
      <Filter>Header Files\SSDB</Filter>
    </ClInclude>
    <ClInclude Include="SSDB\SSDBHashModel.h">
      <Filter>Header Files\SSDB</Filter>
    </ClInclude>
    <ClInclude Include="SSDB\SSDBModelFactory.h">
      <Filter>Header Files\SSDB</Filter>
    </ClInclude>
    <ClInclude Include="SSDB\SSDBQueueModel.h">
      <Filter>Header Files\SSDB</Filter>
    </ClInclude>
    <ClInclude Include="SSDB\SSDBStringModel.h">
      <Filter>Header Files\SSDB</Filter>
    </ClInclude>
    <ClInclude Include="SSDB\SSDBZSetModel.h">
      <Filter>Header Files\SSDB</Filter>
    </ClInclude>
  </ItemGroup>
  <ItemGroup>
    <ResourceCompile Include="RedisStudio.rc">
      <Filter>Resource Files</Filter>
    </ResourceCompile>
  </ItemGroup>
  <ItemGroup>
    <None Include="..\Skin\skin.zip" />
  </ItemGroup>
</Project>